// !$*UTF8*$!
{
	archiveVersion = 1;
	classes = {
	};
	objectVersion = 55;
	objects = {

/* Begin PBXBuildFile section */
		BF0B519E279ACF1F00BA9887 /* BMICalculator.swift in Sources */ = {isa = PBXBuildFile; fileRef = BF0B519D279ACF1F00BA9887 /* BMICalculator.swift */; };
		BF0B54BD2779D57100CAD052 /* SearchResultsController.swift in Sources */ = {isa = PBXBuildFile; fileRef = BF0B54BC2779D57100CAD052 /* SearchResultsController.swift */; };
		BF195071277CBA0D002B72F0 /* newPasswordTF.swift in Sources */ = {isa = PBXBuildFile; fileRef = BF195070277CBA0D002B72F0 /* newPasswordTF.swift */; };
		BF195079277CBA43002B72F0 /* SettingVC.swift in Sources */ = {isa = PBXBuildFile; fileRef = BF195078277CBA43002B72F0 /* SettingVC.swift */; };
		BF19507B277CBA6E002B72F0 /* ProfileViweController.swift in Sources */ = {isa = PBXBuildFile; fileRef = BF19507A277CBA6E002B72F0 /* ProfileViweController.swift */; };
		BF19507F277CD699002B72F0 /* HomeVC.swift in Sources */ = {isa = PBXBuildFile; fileRef = BF19507E277CD699002B72F0 /* HomeVC.swift */; };
		BF195083277CD754002B72F0 /* HomeCollectionViewCell.swift in Sources */ = {isa = PBXBuildFile; fileRef = BF195082277CD754002B72F0 /* HomeCollectionViewCell.swift */; };
		BF2732BC27751EDD00535724 /* HomeViewController.swift in Sources */ = {isa = PBXBuildFile; fileRef = BF2732BB27751EDD00535724 /* HomeViewController.swift */; };
		BF2732BF27751F0700535724 /* GenderVC.swift in Sources */ = {isa = PBXBuildFile; fileRef = BF2732BE27751F0700535724 /* GenderVC.swift */; };
		BF2732C127751F0F00535724 /* LifestyleVC.swift in Sources */ = {isa = PBXBuildFile; fileRef = BF2732C027751F0F00535724 /* LifestyleVC.swift */; };
		BF2732C327751F1800535724 /* WelcomeVC.swift in Sources */ = {isa = PBXBuildFile; fileRef = BF2732C227751F1800535724 /* WelcomeVC.swift */; };
		BF2732CB2775204800535724 /* MainTabBarVC.swift in Sources */ = {isa = PBXBuildFile; fileRef = BF2732CA2775204800535724 /* MainTabBarVC.swift */; };
		BF2732CE277520CB00535724 /* LoginViewController.swift in Sources */ = {isa = PBXBuildFile; fileRef = BF2732CD277520CB00535724 /* LoginViewController.swift */; };
		BF2732D0277520D100535724 /* SignUpViewController.swift in Sources */ = {isa = PBXBuildFile; fileRef = BF2732CF277520D100535724 /* SignUpViewController.swift */; };
		BF2732D2277520D900535724 /* SignUpSelection.swift in Sources */ = {isa = PBXBuildFile; fileRef = BF2732D1277520D900535724 /* SignUpSelection.swift */; };
		BF2732D52775214D00535724 /* DetailsViewController.swift in Sources */ = {isa = PBXBuildFile; fileRef = BF2732D42775214D00535724 /* DetailsViewController.swift */; };
		BF2732D72775215800535724 /* FoodViewController.swift in Sources */ = {isa = PBXBuildFile; fileRef = BF2732D62775215800535724 /* FoodViewController.swift */; };
		BF2732D92775216500535724 /* FoodCell.swift in Sources */ = {isa = PBXBuildFile; fileRef = BF2732D82775216500535724 /* FoodCell.swift */; };
		BF2732DB2775216C00535724 /* Food.swift in Sources */ = {isa = PBXBuildFile; fileRef = BF2732DA2775216C00535724 /* Food.swift */; };
		BF2732DE2775223300535724 /* viewControllerSection.swift in Sources */ = {isa = PBXBuildFile; fileRef = BF2732DD2775223300535724 /* viewControllerSection.swift */; };
		BF325C81278AED9400B9CA1C /* StoryboardName.swift in Sources */ = {isa = PBXBuildFile; fileRef = BF325C80278AED9400B9CA1C /* StoryboardName.swift */; };
		BF38C8E2279758EF00F67FCF /* FSUserManage.swift in Sources */ = {isa = PBXBuildFile; fileRef = BF38C8E1279758EE00F67FCF /* FSUserManage.swift */; };
		BF4EEEC02782436500D64281 /* Users.swift in Sources */ = {isa = PBXBuildFile; fileRef = BF4EEEBF2782436500D64281 /* Users.swift */; };
		BF54067D27676F7C00B118B6 /* VideoWorkoutViewController.swift in Sources */ = {isa = PBXBuildFile; fileRef = BF54067C27676F7C00B118B6 /* VideoWorkoutViewController.swift */; };
		BF5688CE27861B1900E83FC1 /* CoreLocation.framework in Frameworks */ = {isa = PBXBuildFile; fileRef = BF5688CD27861B1900E83FC1 /* CoreLocation.framework */; };
		BF5688D027861CD400E83FC1 /* MapViewController.swift in Sources */ = {isa = PBXBuildFile; fileRef = BF5688CF27861CD400E83FC1 /* MapViewController.swift */; };
		BF5B949C279AD880000C2BB6 /* BMIVC.swift in Sources */ = {isa = PBXBuildFile; fileRef = BF5B949B279AD880000C2BB6 /* BMIVC.swift */; };
		BF5ED6C4276B314300168689 /* Utilities.swift in Sources */ = {isa = PBXBuildFile; fileRef = BF5ED6C3276B314300168689 /* Utilities.swift */; };
		BF5ED6C6276B315600168689 /* Constants.swift in Sources */ = {isa = PBXBuildFile; fileRef = BF5ED6C5276B315600168689 /* Constants.swift */; };
		BF62A8D1277991DF004B0F82 /* CMTextField .swift in Sources */ = {isa = PBXBuildFile; fileRef = BF62A8D0277991DF004B0F82 /* CMTextField .swift */; };
		BF64899C278CD6610081D650 /* states.swift in Sources */ = {isa = PBXBuildFile; fileRef = BF64899B278CD6610081D650 /* states.swift */; };
		BF81637A276B4F9400BEDD43 /* GoogleService-Info.plist in Resources */ = {isa = PBXBuildFile; fileRef = BF816379276B4F9400BEDD43 /* GoogleService-Info.plist */; };
		BF81637D276B50B500BEDD43 /* FirebaseAnalytics in Frameworks */ = {isa = PBXBuildFile; productRef = BF81637C276B50B500BEDD43 /* FirebaseAnalytics */; };
		BF81637F276B50B500BEDD43 /* FirebaseAuth in Frameworks */ = {isa = PBXBuildFile; productRef = BF81637E276B50B500BEDD43 /* FirebaseAuth */; };
		BF816381276B50B500BEDD43 /* FirebaseFirestore in Frameworks */ = {isa = PBXBuildFile; productRef = BF816380276B50B500BEDD43 /* FirebaseFirestore */; };
		BF8C674F2785F5F200CDB60F /* BuildingRecipesViewController.swift in Sources */ = {isa = PBXBuildFile; fileRef = BF8C674E2785F5F200CDB60F /* BuildingRecipesViewController.swift */; };
		BF8FA269278B0ABD0004766E /* Keyboard.swift in Sources */ = {isa = PBXBuildFile; fileRef = BF8FA268278B0ABD0004766E /* Keyboard.swift */; };
		BFA2A32C2797667A00666D7D /* Main.storyboard in Resources */ = {isa = PBXBuildFile; fileRef = BFA2A32E2797667A00666D7D /* Main.storyboard */; };
		BFCA7B4A27788F8100C95D09 /* AvatarImageView.swift in Sources */ = {isa = PBXBuildFile; fileRef = BFCA7B4927788F8100C95D09 /* AvatarImageView.swift */; };
		BFCA7B4C27788F8A00C95D09 /* DetailVC.swift in Sources */ = {isa = PBXBuildFile; fileRef = BFCA7B4B27788F8A00C95D09 /* DetailVC.swift */; };
		BFCA7B502778986F00C95D09 /* LifestyleItem.swift in Sources */ = {isa = PBXBuildFile; fileRef = BFCA7B4F2778986F00C95D09 /* LifestyleItem.swift */; };
		BFD28EEF27989F670093AEB2 /* FSCollectionReference.swift in Sources */ = {isa = PBXBuildFile; fileRef = BFD28EEE27989F670093AEB2 /* FSCollectionReference.swift */; };
		BFD3A450278EC58F00F30B33 /* ItemsVC.swift in Sources */ = {isa = PBXBuildFile; fileRef = BFD3A44F278EC58F00F30B33 /* ItemsVC.swift */; };
		BFD3A452278EC5D100F30B33 /* ItemStore.swift in Sources */ = {isa = PBXBuildFile; fileRef = BFD3A451278EC5D100F30B33 /* ItemStore.swift */; };
		BFD3A454278EC62D00F30B33 /* ItemCell.swift in Sources */ = {isa = PBXBuildFile; fileRef = BFD3A453278EC62D00F30B33 /* ItemCell.swift */; };
		BFD3A456278EC66800F30B33 /* Item.swift in Sources */ = {isa = PBXBuildFile; fileRef = BFD3A455278EC66800F30B33 /* Item.swift */; };
		BFD3A458278EC69A00F30B33 /* ImageStore.swift in Sources */ = {isa = PBXBuildFile; fileRef = BFD3A457278EC69A00F30B33 /* ImageStore.swift */; };
		BFD3A45A278EC6C600F30B33 /* DetailItemsViewController.swift in Sources */ = {isa = PBXBuildFile; fileRef = BFD3A459278EC6C600F30B33 /* DetailItemsViewController.swift */; };
		BFDA13E6275D4F4C007C22B1 /* AppDelegate.swift in Sources */ = {isa = PBXBuildFile; fileRef = BFDA13E5275D4F4C007C22B1 /* AppDelegate.swift */; };
		BFDA13E8275D4F4C007C22B1 /* SceneDelegate.swift in Sources */ = {isa = PBXBuildFile; fileRef = BFDA13E7275D4F4C007C22B1 /* SceneDelegate.swift */; };
		BFDA13F2275D4F4D007C22B1 /* LaunchScreen.storyboard in Resources */ = {isa = PBXBuildFile; fileRef = BFDA13F0275D4F4D007C22B1 /* LaunchScreen.storyboard */; };
		BFDCC9342790453E00D65C00 /* Assets.xcassets in Resources */ = {isa = PBXBuildFile; fileRef = BFDCC9332790453E00D65C00 /* Assets.xcassets */; };
		BFE484092782EC290008FC3A /* SettingTableViewCell.swift in Sources */ = {isa = PBXBuildFile; fileRef = BFE484082782EC290008FC3A /* SettingTableViewCell.swift */; };
		BFF928A12785D0A600C11BB8 /* CalorieCalculator.swift in Sources */ = {isa = PBXBuildFile; fileRef = BFF928A02785D0A600C11BB8 /* CalorieCalculator.swift */; };
/* End PBXBuildFile section */

/* Begin PBXFileReference section */
		BF0B519D279ACF1F00BA9887 /* BMICalculator.swift */ = {isa = PBXFileReference; lastKnownFileType = sourcecode.swift; path = BMICalculator.swift; sourceTree = "<group>"; };
		BF0B54BC2779D57100CAD052 /* SearchResultsController.swift */ = {isa = PBXFileReference; fileEncoding = 4; lastKnownFileType = sourcecode.swift; path = SearchResultsController.swift; sourceTree = "<group>"; };
		BF195070277CBA0D002B72F0 /* newPasswordTF.swift */ = {isa = PBXFileReference; fileEncoding = 4; lastKnownFileType = sourcecode.swift; path = newPasswordTF.swift; sourceTree = "<group>"; };
		BF195078277CBA43002B72F0 /* SettingVC.swift */ = {isa = PBXFileReference; lastKnownFileType = sourcecode.swift; path = SettingVC.swift; sourceTree = "<group>"; };
		BF19507A277CBA6E002B72F0 /* ProfileViweController.swift */ = {isa = PBXFileReference; fileEncoding = 4; lastKnownFileType = sourcecode.swift; path = ProfileViweController.swift; sourceTree = "<group>"; };
		BF19507E277CD699002B72F0 /* HomeVC.swift */ = {isa = PBXFileReference; lastKnownFileType = sourcecode.swift; path = HomeVC.swift; sourceTree = "<group>"; };
		BF195082277CD754002B72F0 /* HomeCollectionViewCell.swift */ = {isa = PBXFileReference; lastKnownFileType = sourcecode.swift; path = HomeCollectionViewCell.swift; sourceTree = "<group>"; };
		BF2732BB27751EDD00535724 /* HomeViewController.swift */ = {isa = PBXFileReference; fileEncoding = 4; lastKnownFileType = sourcecode.swift; path = HomeViewController.swift; sourceTree = "<group>"; };
		BF2732BE27751F0700535724 /* GenderVC.swift */ = {isa = PBXFileReference; fileEncoding = 4; lastKnownFileType = sourcecode.swift; path = GenderVC.swift; sourceTree = "<group>"; };
		BF2732C027751F0F00535724 /* LifestyleVC.swift */ = {isa = PBXFileReference; fileEncoding = 4; lastKnownFileType = sourcecode.swift; path = LifestyleVC.swift; sourceTree = "<group>"; };
		BF2732C227751F1800535724 /* WelcomeVC.swift */ = {isa = PBXFileReference; fileEncoding = 4; lastKnownFileType = sourcecode.swift; path = WelcomeVC.swift; sourceTree = "<group>"; };
		BF2732CA2775204800535724 /* MainTabBarVC.swift */ = {isa = PBXFileReference; fileEncoding = 4; lastKnownFileType = sourcecode.swift; path = MainTabBarVC.swift; sourceTree = "<group>"; };
		BF2732CD277520CB00535724 /* LoginViewController.swift */ = {isa = PBXFileReference; fileEncoding = 4; lastKnownFileType = sourcecode.swift; path = LoginViewController.swift; sourceTree = "<group>"; };
		BF2732CF277520D100535724 /* SignUpViewController.swift */ = {isa = PBXFileReference; fileEncoding = 4; lastKnownFileType = sourcecode.swift; path = SignUpViewController.swift; sourceTree = "<group>"; };
		BF2732D1277520D900535724 /* SignUpSelection.swift */ = {isa = PBXFileReference; fileEncoding = 4; lastKnownFileType = sourcecode.swift; path = SignUpSelection.swift; sourceTree = "<group>"; };
		BF2732D42775214D00535724 /* DetailsViewController.swift */ = {isa = PBXFileReference; fileEncoding = 4; lastKnownFileType = sourcecode.swift; path = DetailsViewController.swift; sourceTree = "<group>"; };
		BF2732D62775215800535724 /* FoodViewController.swift */ = {isa = PBXFileReference; fileEncoding = 4; lastKnownFileType = sourcecode.swift; path = FoodViewController.swift; sourceTree = "<group>"; };
		BF2732D82775216500535724 /* FoodCell.swift */ = {isa = PBXFileReference; fileEncoding = 4; lastKnownFileType = sourcecode.swift; path = FoodCell.swift; sourceTree = "<group>"; };
		BF2732DA2775216C00535724 /* Food.swift */ = {isa = PBXFileReference; fileEncoding = 4; lastKnownFileType = sourcecode.swift; path = Food.swift; sourceTree = "<group>"; };
		BF2732DD2775223300535724 /* viewControllerSection.swift */ = {isa = PBXFileReference; fileEncoding = 4; lastKnownFileType = sourcecode.swift; path = viewControllerSection.swift; sourceTree = "<group>"; };
		BF325C80278AED9400B9CA1C /* StoryboardName.swift */ = {isa = PBXFileReference; lastKnownFileType = sourcecode.swift; path = StoryboardName.swift; sourceTree = "<group>"; };
		BF38C8E1279758EE00F67FCF /* FSUserManage.swift */ = {isa = PBXFileReference; lastKnownFileType = sourcecode.swift; path = FSUserManage.swift; sourceTree = "<group>"; };
		BF4EEEBF2782436500D64281 /* Users.swift */ = {isa = PBXFileReference; lastKnownFileType = sourcecode.swift; path = Users.swift; sourceTree = "<group>"; };
		BF54067C27676F7C00B118B6 /* VideoWorkoutViewController.swift */ = {isa = PBXFileReference; fileEncoding = 4; lastKnownFileType = sourcecode.swift; path = VideoWorkoutViewController.swift; sourceTree = "<group>"; };
		BF5688CD27861B1900E83FC1 /* CoreLocation.framework */ = {isa = PBXFileReference; lastKnownFileType = wrapper.framework; name = CoreLocation.framework; path = System/Library/Frameworks/CoreLocation.framework; sourceTree = SDKROOT; };
		BF5688CF27861CD400E83FC1 /* MapViewController.swift */ = {isa = PBXFileReference; lastKnownFileType = sourcecode.swift; path = MapViewController.swift; sourceTree = "<group>"; };
		BF5B949B279AD880000C2BB6 /* BMIVC.swift */ = {isa = PBXFileReference; lastKnownFileType = sourcecode.swift; path = BMIVC.swift; sourceTree = "<group>"; };
		BF5ED6C3276B314300168689 /* Utilities.swift */ = {isa = PBXFileReference; fileEncoding = 4; lastKnownFileType = sourcecode.swift; path = Utilities.swift; sourceTree = "<group>"; };
		BF5ED6C5276B315600168689 /* Constants.swift */ = {isa = PBXFileReference; fileEncoding = 4; lastKnownFileType = sourcecode.swift; path = Constants.swift; sourceTree = "<group>"; };
		BF62A8D0277991DF004B0F82 /* CMTextField .swift */ = {isa = PBXFileReference; fileEncoding = 4; lastKnownFileType = sourcecode.swift; path = "CMTextField .swift"; sourceTree = "<group>"; };
		BF64899B278CD6610081D650 /* states.swift */ = {isa = PBXFileReference; lastKnownFileType = sourcecode.swift; path = states.swift; sourceTree = "<group>"; };
		BF816379276B4F9400BEDD43 /* GoogleService-Info.plist */ = {isa = PBXFileReference; fileEncoding = 4; lastKnownFileType = text.plist.xml; path = "GoogleService-Info.plist"; sourceTree = "<group>"; };
		BF8C674E2785F5F200CDB60F /* BuildingRecipesViewController.swift */ = {isa = PBXFileReference; fileEncoding = 4; lastKnownFileType = sourcecode.swift; path = BuildingRecipesViewController.swift; sourceTree = "<group>"; };
		BF8FA268278B0ABD0004766E /* Keyboard.swift */ = {isa = PBXFileReference; lastKnownFileType = sourcecode.swift; path = Keyboard.swift; sourceTree = "<group>"; };
		BFA2A32D2797667A00666D7D /* Base */ = {isa = PBXFileReference; lastKnownFileType = file.storyboard; name = Base; path = Base.lproj/Main.storyboard; sourceTree = "<group>"; };
		BFA2A32F279766AB00666D7D /* ar */ = {isa = PBXFileReference; lastKnownFileType = text.plist.strings; name = ar; path = ar.lproj/Main.strings; sourceTree = "<group>"; };
		BFCA7B4927788F8100C95D09 /* AvatarImageView.swift */ = {isa = PBXFileReference; fileEncoding = 4; lastKnownFileType = sourcecode.swift; path = AvatarImageView.swift; sourceTree = "<group>"; };
		BFCA7B4B27788F8A00C95D09 /* DetailVC.swift */ = {isa = PBXFileReference; fileEncoding = 4; lastKnownFileType = sourcecode.swift; path = DetailVC.swift; sourceTree = "<group>"; };
		BFCA7B4F2778986F00C95D09 /* LifestyleItem.swift */ = {isa = PBXFileReference; lastKnownFileType = sourcecode.swift; path = LifestyleItem.swift; sourceTree = "<group>"; };
		BFD28EEE27989F670093AEB2 /* FSCollectionReference.swift */ = {isa = PBXFileReference; lastKnownFileType = sourcecode.swift; path = FSCollectionReference.swift; sourceTree = "<group>"; };
		BFD3A44F278EC58F00F30B33 /* ItemsVC.swift */ = {isa = PBXFileReference; lastKnownFileType = sourcecode.swift; path = ItemsVC.swift; sourceTree = "<group>"; };
		BFD3A451278EC5D100F30B33 /* ItemStore.swift */ = {isa = PBXFileReference; lastKnownFileType = sourcecode.swift; path = ItemStore.swift; sourceTree = "<group>"; };
		BFD3A453278EC62D00F30B33 /* ItemCell.swift */ = {isa = PBXFileReference; lastKnownFileType = sourcecode.swift; path = ItemCell.swift; sourceTree = "<group>"; };
		BFD3A455278EC66800F30B33 /* Item.swift */ = {isa = PBXFileReference; lastKnownFileType = sourcecode.swift; path = Item.swift; sourceTree = "<group>"; };
		BFD3A457278EC69A00F30B33 /* ImageStore.swift */ = {isa = PBXFileReference; lastKnownFileType = sourcecode.swift; path = ImageStore.swift; sourceTree = "<group>"; };
		BFD3A459278EC6C600F30B33 /* DetailItemsViewController.swift */ = {isa = PBXFileReference; lastKnownFileType = sourcecode.swift; path = DetailItemsViewController.swift; sourceTree = "<group>"; };
		BFDA13E2275D4F4C007C22B1 /* The final project-fitness-rawabi bajafar.app */ = {isa = PBXFileReference; explicitFileType = wrapper.application; includeInIndex = 0; path = "The final project-fitness-rawabi bajafar.app"; sourceTree = BUILT_PRODUCTS_DIR; };
		BFDA13E5275D4F4C007C22B1 /* AppDelegate.swift */ = {isa = PBXFileReference; lastKnownFileType = sourcecode.swift; path = AppDelegate.swift; sourceTree = "<group>"; };
		BFDA13E7275D4F4C007C22B1 /* SceneDelegate.swift */ = {isa = PBXFileReference; lastKnownFileType = sourcecode.swift; path = SceneDelegate.swift; sourceTree = "<group>"; };
		BFDA13F1275D4F4D007C22B1 /* Base */ = {isa = PBXFileReference; lastKnownFileType = file.storyboard; name = Base; path = Base.lproj/LaunchScreen.storyboard; sourceTree = "<group>"; };
		BFDA13F3275D4F4D007C22B1 /* Info.plist */ = {isa = PBXFileReference; lastKnownFileType = text.plist.xml; path = Info.plist; sourceTree = "<group>"; };
		BFDCC9332790453E00D65C00 /* Assets.xcassets */ = {isa = PBXFileReference; lastKnownFileType = folder.assetcatalog; path = Assets.xcassets; sourceTree = "<group>"; };
		BFE484082782EC290008FC3A /* SettingTableViewCell.swift */ = {isa = PBXFileReference; fileEncoding = 4; lastKnownFileType = sourcecode.swift; path = SettingTableViewCell.swift; sourceTree = "<group>"; };
		BFF928A02785D0A600C11BB8 /* CalorieCalculator.swift */ = {isa = PBXFileReference; fileEncoding = 4; lastKnownFileType = sourcecode.swift; path = CalorieCalculator.swift; sourceTree = "<group>"; };
/* End PBXFileReference section */

/* Begin PBXFrameworksBuildPhase section */
		BFDA13DF275D4F4C007C22B1 /* Frameworks */ = {
			isa = PBXFrameworksBuildPhase;
			buildActionMask = 2147483647;
			files = (
				BF5688CE27861B1900E83FC1 /* CoreLocation.framework in Frameworks */,
				BF81637D276B50B500BEDD43 /* FirebaseAnalytics in Frameworks */,
				BF81637F276B50B500BEDD43 /* FirebaseAuth in Frameworks */,
				BF816381276B50B500BEDD43 /* FirebaseFirestore in Frameworks */,
			);
			runOnlyForDeploymentPostprocessing = 0;
		};
/* End PBXFrameworksBuildPhase section */

/* Begin PBXGroup section */
		BF02091D2790485D00C816DB /* Assets */ = {
			isa = PBXGroup;
			children = (
				BFDCC9332790453E00D65C00 /* Assets.xcassets */,
			);
			path = Assets;
			sourceTree = "<group>";
		};
		BF2732B927751EBD00535724 /* screens */ = {
			isa = PBXGroup;
			children = (
				BFFC9C6D27998A5700D614AD /* Main */,
				BFEED2BE2798B0A600BEB319 /* Managers */,
				BFEED2BF2798B0D800BEB319 /* Helper_Managers */,
				BFF8CEF4278CE6BD00DB4623 /* MyToDoList */,
				BF2732BA27751ECB00535724 /* Home */,
				BF2732BD27751EF800535724 /* Lifestyle */,
			);
			path = screens;
			sourceTree = "<group>";
		};
		BF2732BA27751ECB00535724 /* Home */ = {
			isa = PBXGroup;
			children = (
				BF2732BB27751EDD00535724 /* HomeViewController.swift */,
				BF195082277CD754002B72F0 /* HomeCollectionViewCell.swift */,
				BF19507E277CD699002B72F0 /* HomeVC.swift */,
			);
			path = Home;
			sourceTree = "<group>";
		};
		BF2732BD27751EF800535724 /* Lifestyle */ = {
			isa = PBXGroup;
			children = (
				BF2732BE27751F0700535724 /* GenderVC.swift */,
				BFF928A02785D0A600C11BB8 /* CalorieCalculator.swift */,
				BF2732C027751F0F00535724 /* LifestyleVC.swift */,
				BF2732C227751F1800535724 /* WelcomeVC.swift */,
				BF8FA268278B0ABD0004766E /* Keyboard.swift */,
				BF2732CC277520B800535724 /* Authentication */,
				BF8C674B2785F38500CDB60F /* MyPlate */,
				BFEB6B832795D3970056A52D /* Model */,
				BF2732D32775213400535724 /* Food */,
			);
			path = Lifestyle;
			sourceTree = "<group>";
		};
		BF2732CC277520B800535724 /* Authentication */ = {
			isa = PBXGroup;
			children = (
				BF2732CD277520CB00535724 /* LoginViewController.swift */,
				BF2732CF277520D100535724 /* SignUpViewController.swift */,
				BF2732D1277520D900535724 /* SignUpSelection.swift */,
				BFCA7B4927788F8100C95D09 /* AvatarImageView.swift */,
				BFCA7B4B27788F8A00C95D09 /* DetailVC.swift */,
				BF3FC0012769430B000933A8 /* MapVC */,
			);
			path = Authentication;
			sourceTree = "<group>";
		};
		BF2732D32775213400535724 /* Food */ = {
			isa = PBXGroup;
			children = (
				BF2732D42775214D00535724 /* DetailsViewController.swift */,
				BF2732D62775215800535724 /* FoodViewController.swift */,
				BF0B54BC2779D57100CAD052 /* SearchResultsController.swift */,
				BF2732D82775216500535724 /* FoodCell.swift */,
			);
			path = Food;
			sourceTree = "<group>";
		};
		BF2732DC2775220E00535724 /* VideoWorkoutViewController */ = {
			isa = PBXGroup;
			children = (
				BF3FC01927694A21000933A8 /* Common */,
				BF54067C27676F7C00B118B6 /* VideoWorkoutViewController.swift */,
			);
			path = VideoWorkoutViewController;
			sourceTree = "<group>";
		};
		BF3FC000276942BC000933A8 /* Suport */ = {
			isa = PBXGroup;
			children = (
				BFDA13E5275D4F4C007C22B1 /* AppDelegate.swift */,
				BFDA13E7275D4F4C007C22B1 /* SceneDelegate.swift */,
				BF02091D2790485D00C816DB /* Assets */,
				BFDA13F0275D4F4D007C22B1 /* LaunchScreen.storyboard */,
				BF816379276B4F9400BEDD43 /* GoogleService-Info.plist */,
			);
			path = Suport;
			sourceTree = "<group>";
		};
		BF3FC0012769430B000933A8 /* MapVC */ = {
			isa = PBXGroup;
			children = (
				BF5688CF27861CD400E83FC1 /* MapViewController.swift */,
			);
			path = MapVC;
			sourceTree = "<group>";
		};
		BF3FC01827694A00000933A8 /* Setting */ = {
			isa = PBXGroup;
			children = (
				BF195078277CBA43002B72F0 /* SettingVC.swift */,
				BF325C80278AED9400B9CA1C /* StoryboardName.swift */,
				BF19507A277CBA6E002B72F0 /* ProfileViweController.swift */,
				BF195070277CBA0D002B72F0 /* newPasswordTF.swift */,
			);
			path = Setting;
			sourceTree = "<group>";
		};
		BF3FC01927694A21000933A8 /* Common */ = {
			isa = PBXGroup;
			children = (
				BFFC9C6E27998AD300D614AD /* Custom_Views */,
				BF2732DD2775223300535724 /* viewControllerSection.swift */,
				BF5ED6C3276B314300168689 /* Utilities.swift */,
				BFE484082782EC290008FC3A /* SettingTableViewCell.swift */,
				BF5ED6C5276B315600168689 /* Constants.swift */,
			);
			path = Common;
			sourceTree = "<group>";
		};
		BF3FC01A27694A2F000933A8 /* View */ = {
			isa = PBXGroup;
			children = (
				BFA2A32E2797667A00666D7D /* Main.storyboard */,
			);
			path = View;
			sourceTree = "<group>";
		};
		BF5688CC27861B1900E83FC1 /* Frameworks */ = {
			isa = PBXGroup;
			children = (
				BF5688CD27861B1900E83FC1 /* CoreLocation.framework */,
			);
			name = Frameworks;
			sourceTree = "<group>";
		};
		BF8C674B2785F38500CDB60F /* MyPlate */ = {
			isa = PBXGroup;
			children = (
				BF8C674E2785F5F200CDB60F /* BuildingRecipesViewController.swift */,
				BF5B949B279AD880000C2BB6 /* BMIVC.swift */,
				BF0B519D279ACF1F00BA9887 /* BMICalculator.swift */,
			);
			path = MyPlate;
			sourceTree = "<group>";
		};
		BFDA13D9275D4F4C007C22B1 = {
			isa = PBXGroup;
			children = (
				BFDA13E4275D4F4C007C22B1 /* The final project-fitness-rawabi bajafar */,
				BFDA13E3275D4F4C007C22B1 /* Products */,
				BF5688CC27861B1900E83FC1 /* Frameworks */,
			);
			sourceTree = "<group>";
		};
		BFDA13E3275D4F4C007C22B1 /* Products */ = {
			isa = PBXGroup;
			children = (
				BFDA13E2275D4F4C007C22B1 /* The final project-fitness-rawabi bajafar.app */,
			);
			name = Products;
			sourceTree = "<group>";
		};
		BFDA13E4275D4F4C007C22B1 /* The final project-fitness-rawabi bajafar */ = {
			isa = PBXGroup;
			children = (
				BF2732B927751EBD00535724 /* screens */,
				BF3FC01A27694A2F000933A8 /* View */,
				BF2732DC2775220E00535724 /* VideoWorkoutViewController */,
				BF3FC01827694A00000933A8 /* Setting */,
				BF3FC000276942BC000933A8 /* Suport */,
				BFDA13F3275D4F4D007C22B1 /* Info.plist */,
			);
			path = "The final project-fitness-rawabi bajafar";
			sourceTree = "<group>";
		};
		BFEB6B832795D3970056A52D /* Model */ = {
			isa = PBXGroup;
			children = (
				BFD3A451278EC5D100F30B33 /* ItemStore.swift */,
				BF64899B278CD6610081D650 /* states.swift */,
				BF2732DA2775216C00535724 /* Food.swift */,
				BFCA7B4F2778986F00C95D09 /* LifestyleItem.swift */,
				BF4EEEBF2782436500D64281 /* Users.swift */,
			);
			path = Model;
			sourceTree = "<group>";
		};
		BFEED2BE2798B0A600BEB319 /* Managers */ = {
			isa = PBXGroup;
			children = (
				BF38C8E1279758EE00F67FCF /* FSUserManage.swift */,
			);
			path = Managers;
			sourceTree = "<group>";
		};
		BFEED2BF2798B0D800BEB319 /* Helper_Managers */ = {
			isa = PBXGroup;
			children = (
				BFD28EEE27989F670093AEB2 /* FSCollectionReference.swift */,
			);
			path = Helper_Managers;
			sourceTree = "<group>";
		};
		BFF8CEF4278CE6BD00DB4623 /* MyToDoList */ = {
			isa = PBXGroup;
			children = (
				BFD3A44F278EC58F00F30B33 /* ItemsVC.swift */,
				BFD3A453278EC62D00F30B33 /* ItemCell.swift */,
				BFD3A455278EC66800F30B33 /* Item.swift */,
				BFD3A457278EC69A00F30B33 /* ImageStore.swift */,
				BFD3A459278EC6C600F30B33 /* DetailItemsViewController.swift */,
			);
			path = MyToDoList;
			sourceTree = "<group>";
		};
		BFFC9C6D27998A5700D614AD /* Main */ = {
			isa = PBXGroup;
			children = (
				BF2732CA2775204800535724 /* MainTabBarVC.swift */,
			);
			path = Main;
			sourceTree = "<group>";
		};
		BFFC9C6E27998AD300D614AD /* Custom_Views */ = {
			isa = PBXGroup;
			children = (
				BF62A8D0277991DF004B0F82 /* CMTextField .swift */,
			);
			path = Custom_Views;
			sourceTree = "<group>";
		};
/* End PBXGroup section */

/* Begin PBXNativeTarget section */
		BFDA13E1275D4F4C007C22B1 /* The final project-fitness-rawabi bajafar */ = {
			isa = PBXNativeTarget;
			buildConfigurationList = BFDA13F6275D4F4D007C22B1 /* Build configuration list for PBXNativeTarget "The final project-fitness-rawabi bajafar" */;
			buildPhases = (
				BFDA13DE275D4F4C007C22B1 /* Sources */,
				BFDA13DF275D4F4C007C22B1 /* Frameworks */,
				BFDA13E0275D4F4C007C22B1 /* Resources */,
			);
			buildRules = (
			);
			dependencies = (
			);
			name = "The final project-fitness-rawabi bajafar";
			packageProductDependencies = (
				BF81637C276B50B500BEDD43 /* FirebaseAnalytics */,
				BF81637E276B50B500BEDD43 /* FirebaseAuth */,
				BF816380276B50B500BEDD43 /* FirebaseFirestore */,
			);
			productName = "The final project-fitness-rawabi bajafar";
			productReference = BFDA13E2275D4F4C007C22B1 /* The final project-fitness-rawabi bajafar.app */;
			productType = "com.apple.product-type.application";
		};
/* End PBXNativeTarget section */

/* Begin PBXProject section */
		BFDA13DA275D4F4C007C22B1 /* Project object */ = {
			isa = PBXProject;
			attributes = {
				BuildIndependentTargetsInParallel = 1;
				LastSwiftUpdateCheck = 1310;
				LastUpgradeCheck = 1310;
				TargetAttributes = {
					BFDA13E1275D4F4C007C22B1 = {
						CreatedOnToolsVersion = 13.1;
					};
				};
			};
			buildConfigurationList = BFDA13DD275D4F4C007C22B1 /* Build configuration list for PBXProject "The final project-fitness-rawabi Ahmed bajafar" */;
			compatibilityVersion = "Xcode 13.0";
			developmentRegion = en;
			hasScannedForEncodings = 0;
			knownRegions = (
				en,
				Base,
				ar,
			);
			mainGroup = BFDA13D9275D4F4C007C22B1;
			packageReferences = (
				BF81637B276B50B500BEDD43 /* XCRemoteSwiftPackageReference "firebase-ios-sdk" */,
			);
			productRefGroup = BFDA13E3275D4F4C007C22B1 /* Products */;
			projectDirPath = "";
			projectRoot = "";
			targets = (
				BFDA13E1275D4F4C007C22B1 /* The final project-fitness-rawabi bajafar */,
			);
		};
/* End PBXProject section */

/* Begin PBXResourcesBuildPhase section */
		BFDA13E0275D4F4C007C22B1 /* Resources */ = {
			isa = PBXResourcesBuildPhase;
			buildActionMask = 2147483647;
			files = (
				BFDA13F2275D4F4D007C22B1 /* LaunchScreen.storyboard in Resources */,
				BFA2A32C2797667A00666D7D /* Main.storyboard in Resources */,
				BF81637A276B4F9400BEDD43 /* GoogleService-Info.plist in Resources */,
				BFDCC9342790453E00D65C00 /* Assets.xcassets in Resources */,
			);
			runOnlyForDeploymentPostprocessing = 0;
		};
/* End PBXResourcesBuildPhase section */

/* Begin PBXSourcesBuildPhase section */
		BFDA13DE275D4F4C007C22B1 /* Sources */ = {
			isa = PBXSourcesBuildPhase;
			buildActionMask = 2147483647;
			files = (
				BF2732D92775216500535724 /* FoodCell.swift in Sources */,
				BF2732D72775215800535724 /* FoodViewController.swift in Sources */,
				BF195079277CBA43002B72F0 /* SettingVC.swift in Sources */,
				BFCA7B502778986F00C95D09 /* LifestyleItem.swift in Sources */,
				BF8C674F2785F5F200CDB60F /* BuildingRecipesViewController.swift in Sources */,
				BF62A8D1277991DF004B0F82 /* CMTextField .swift in Sources */,
				BF38C8E2279758EF00F67FCF /* FSUserManage.swift in Sources */,
				BFCA7B4C27788F8A00C95D09 /* DetailVC.swift in Sources */,
				BF54067D27676F7C00B118B6 /* VideoWorkoutViewController.swift in Sources */,
				BFDA13E6275D4F4C007C22B1 /* AppDelegate.swift in Sources */,
				BFD3A456278EC66800F30B33 /* Item.swift in Sources */,
				BF5688D027861CD400E83FC1 /* MapViewController.swift in Sources */,
				BFD3A450278EC58F00F30B33 /* ItemsVC.swift in Sources */,
				BF2732D0277520D100535724 /* SignUpViewController.swift in Sources */,
				BF19507B277CBA6E002B72F0 /* ProfileViweController.swift in Sources */,
				BF0B519E279ACF1F00BA9887 /* BMICalculator.swift in Sources */,
				BF5ED6C4276B314300168689 /* Utilities.swift in Sources */,
				BF325C81278AED9400B9CA1C /* StoryboardName.swift in Sources */,
				BF195071277CBA0D002B72F0 /* newPasswordTF.swift in Sources */,
				BFD28EEF27989F670093AEB2 /* FSCollectionReference.swift in Sources */,
				BF8FA269278B0ABD0004766E /* Keyboard.swift in Sources */,
				BFF928A12785D0A600C11BB8 /* CalorieCalculator.swift in Sources */,
				BF4EEEC02782436500D64281 /* Users.swift in Sources */,
				BFD3A458278EC69A00F30B33 /* ImageStore.swift in Sources */,
				BF64899C278CD6610081D650 /* states.swift in Sources */,
				BF2732DE2775223300535724 /* viewControllerSection.swift in Sources */,
				BF2732D2277520D900535724 /* SignUpSelection.swift in Sources */,
				BFD3A45A278EC6C600F30B33 /* DetailItemsViewController.swift in Sources */,
				BF19507F277CD699002B72F0 /* HomeVC.swift in Sources */,
				BFD3A454278EC62D00F30B33 /* ItemCell.swift in Sources */,
				BFDA13E8275D4F4C007C22B1 /* SceneDelegate.swift in Sources */,
				BF195083277CD754002B72F0 /* HomeCollectionViewCell.swift in Sources */,
				BF2732BF27751F0700535724 /* GenderVC.swift in Sources */,
				BFE484092782EC290008FC3A /* SettingTableViewCell.swift in Sources */,
				BF5ED6C6276B315600168689 /* Constants.swift in Sources */,
				BF2732C327751F1800535724 /* WelcomeVC.swift in Sources */,
				BF2732CE277520CB00535724 /* LoginViewController.swift in Sources */,
				BF2732BC27751EDD00535724 /* HomeViewController.swift in Sources */,
				BFD3A452278EC5D100F30B33 /* ItemStore.swift in Sources */,
				BF2732DB2775216C00535724 /* Food.swift in Sources */,
				BF2732CB2775204800535724 /* MainTabBarVC.swift in Sources */,
				BF5B949C279AD880000C2BB6 /* BMIVC.swift in Sources */,
				BFCA7B4A27788F8100C95D09 /* AvatarImageView.swift in Sources */,
				BF2732C127751F0F00535724 /* LifestyleVC.swift in Sources */,
				BF0B54BD2779D57100CAD052 /* SearchResultsController.swift in Sources */,
				BF2732D52775214D00535724 /* DetailsViewController.swift in Sources */,
			);
			runOnlyForDeploymentPostprocessing = 0;
		};
/* End PBXSourcesBuildPhase section */

/* Begin PBXVariantGroup section */
		BFA2A32E2797667A00666D7D /* Main.storyboard */ = {
			isa = PBXVariantGroup;
			children = (
				BFA2A32D2797667A00666D7D /* Base */,
				BFA2A32F279766AB00666D7D /* ar */,
			);
			name = Main.storyboard;
			sourceTree = "<group>";
		};
		BFDA13F0275D4F4D007C22B1 /* LaunchScreen.storyboard */ = {
			isa = PBXVariantGroup;
			children = (
				BFDA13F1275D4F4D007C22B1 /* Base */,
			);
			name = LaunchScreen.storyboard;
			sourceTree = "<group>";
		};
/* End PBXVariantGroup section */

/* Begin XCBuildConfiguration section */
		BFDA13F4275D4F4D007C22B1 /* Debug */ = {
			isa = XCBuildConfiguration;
			buildSettings = {
				ALWAYS_SEARCH_USER_PATHS = NO;
				CLANG_ANALYZER_LOCALIZABILITY_NONLOCALIZED = YES;
				CLANG_ANALYZER_NONNULL = YES;
				CLANG_ANALYZER_NUMBER_OBJECT_CONVERSION = YES_AGGRESSIVE;
				CLANG_CXX_LANGUAGE_STANDARD = "gnu++17";
				CLANG_CXX_LIBRARY = "libc++";
				CLANG_ENABLE_MODULES = YES;
				CLANG_ENABLE_OBJC_ARC = YES;
				CLANG_ENABLE_OBJC_WEAK = YES;
				CLANG_WARN_BLOCK_CAPTURE_AUTORELEASING = YES;
				CLANG_WARN_BOOL_CONVERSION = YES;
				CLANG_WARN_COMMA = YES;
				CLANG_WARN_CONSTANT_CONVERSION = YES;
				CLANG_WARN_DEPRECATED_OBJC_IMPLEMENTATIONS = YES;
				CLANG_WARN_DIRECT_OBJC_ISA_USAGE = YES_ERROR;
				CLANG_WARN_DOCUMENTATION_COMMENTS = YES;
				CLANG_WARN_EMPTY_BODY = YES;
				CLANG_WARN_ENUM_CONVERSION = YES;
				CLANG_WARN_INFINITE_RECURSION = YES;
				CLANG_WARN_INT_CONVERSION = YES;
				CLANG_WARN_NON_LITERAL_NULL_CONVERSION = YES;
				CLANG_WARN_OBJC_IMPLICIT_RETAIN_SELF = YES;
				CLANG_WARN_OBJC_LITERAL_CONVERSION = YES;
				CLANG_WARN_OBJC_ROOT_CLASS = YES_ERROR;
				CLANG_WARN_QUOTED_INCLUDE_IN_FRAMEWORK_HEADER = YES;
				CLANG_WARN_RANGE_LOOP_ANALYSIS = YES;
				CLANG_WARN_STRICT_PROTOTYPES = YES;
				CLANG_WARN_SUSPICIOUS_MOVE = YES;
				CLANG_WARN_UNGUARDED_AVAILABILITY = YES_AGGRESSIVE;
				CLANG_WARN_UNREACHABLE_CODE = YES;
				CLANG_WARN__DUPLICATE_METHOD_MATCH = YES;
				COPY_PHASE_STRIP = NO;
				DEBUG_INFORMATION_FORMAT = dwarf;
				ENABLE_STRICT_OBJC_MSGSEND = YES;
				ENABLE_TESTABILITY = YES;
				GCC_C_LANGUAGE_STANDARD = gnu11;
				GCC_DYNAMIC_NO_PIC = NO;
				GCC_NO_COMMON_BLOCKS = YES;
				GCC_OPTIMIZATION_LEVEL = 0;
				GCC_PREPROCESSOR_DEFINITIONS = (
					"DEBUG=1",
					"$(inherited)",
				);
				GCC_WARN_64_TO_32_BIT_CONVERSION = YES;
				GCC_WARN_ABOUT_RETURN_TYPE = YES_ERROR;
				GCC_WARN_UNDECLARED_SELECTOR = YES;
				GCC_WARN_UNINITIALIZED_AUTOS = YES_AGGRESSIVE;
				GCC_WARN_UNUSED_FUNCTION = YES;
				GCC_WARN_UNUSED_VARIABLE = YES;
				IPHONEOS_DEPLOYMENT_TARGET = 15.0;
				MTL_ENABLE_DEBUG_INFO = INCLUDE_SOURCE;
				MTL_FAST_MATH = YES;
				ONLY_ACTIVE_ARCH = YES;
				SDKROOT = iphoneos;
				SWIFT_ACTIVE_COMPILATION_CONDITIONS = DEBUG;
				SWIFT_OPTIMIZATION_LEVEL = "-Onone";
			};
			name = Debug;
		};
		BFDA13F5275D4F4D007C22B1 /* Release */ = {
			isa = XCBuildConfiguration;
			buildSettings = {
				ALWAYS_SEARCH_USER_PATHS = NO;
				CLANG_ANALYZER_LOCALIZABILITY_NONLOCALIZED = YES;
				CLANG_ANALYZER_NONNULL = YES;
				CLANG_ANALYZER_NUMBER_OBJECT_CONVERSION = YES_AGGRESSIVE;
				CLANG_CXX_LANGUAGE_STANDARD = "gnu++17";
				CLANG_CXX_LIBRARY = "libc++";
				CLANG_ENABLE_MODULES = YES;
				CLANG_ENABLE_OBJC_ARC = YES;
				CLANG_ENABLE_OBJC_WEAK = YES;
				CLANG_WARN_BLOCK_CAPTURE_AUTORELEASING = YES;
				CLANG_WARN_BOOL_CONVERSION = YES;
				CLANG_WARN_COMMA = YES;
				CLANG_WARN_CONSTANT_CONVERSION = YES;
				CLANG_WARN_DEPRECATED_OBJC_IMPLEMENTATIONS = YES;
				CLANG_WARN_DIRECT_OBJC_ISA_USAGE = YES_ERROR;
				CLANG_WARN_DOCUMENTATION_COMMENTS = YES;
				CLANG_WARN_EMPTY_BODY = YES;
				CLANG_WARN_ENUM_CONVERSION = YES;
				CLANG_WARN_INFINITE_RECURSION = YES;
				CLANG_WARN_INT_CONVERSION = YES;
				CLANG_WARN_NON_LITERAL_NULL_CONVERSION = YES;
				CLANG_WARN_OBJC_IMPLICIT_RETAIN_SELF = YES;
				CLANG_WARN_OBJC_LITERAL_CONVERSION = YES;
				CLANG_WARN_OBJC_ROOT_CLASS = YES_ERROR;
				CLANG_WARN_QUOTED_INCLUDE_IN_FRAMEWORK_HEADER = YES;
				CLANG_WARN_RANGE_LOOP_ANALYSIS = YES;
				CLANG_WARN_STRICT_PROTOTYPES = YES;
				CLANG_WARN_SUSPICIOUS_MOVE = YES;
				CLANG_WARN_UNGUARDED_AVAILABILITY = YES_AGGRESSIVE;
				CLANG_WARN_UNREACHABLE_CODE = YES;
				CLANG_WARN__DUPLICATE_METHOD_MATCH = YES;
				COPY_PHASE_STRIP = NO;
				DEBUG_INFORMATION_FORMAT = "dwarf-with-dsym";
				ENABLE_NS_ASSERTIONS = NO;
				ENABLE_STRICT_OBJC_MSGSEND = YES;
				GCC_C_LANGUAGE_STANDARD = gnu11;
				GCC_NO_COMMON_BLOCKS = YES;
				GCC_WARN_64_TO_32_BIT_CONVERSION = YES;
				GCC_WARN_ABOUT_RETURN_TYPE = YES_ERROR;
				GCC_WARN_UNDECLARED_SELECTOR = YES;
				GCC_WARN_UNINITIALIZED_AUTOS = YES_AGGRESSIVE;
				GCC_WARN_UNUSED_FUNCTION = YES;
				GCC_WARN_UNUSED_VARIABLE = YES;
				IPHONEOS_DEPLOYMENT_TARGET = 15.0;
				MTL_ENABLE_DEBUG_INFO = NO;
				MTL_FAST_MATH = YES;
				SDKROOT = iphoneos;
				SWIFT_COMPILATION_MODE = wholemodule;
				SWIFT_OPTIMIZATION_LEVEL = "-O";
				VALIDATE_PRODUCT = YES;
			};
			name = Release;
		};
		BFDA13F7275D4F4D007C22B1 /* Debug */ = {
			isa = XCBuildConfiguration;
			buildSettings = {
				ASSETCATALOG_COMPILER_APPICON_NAME = AppIcon;
				ASSETCATALOG_COMPILER_GLOBAL_ACCENT_COLOR_NAME = AccentColor;
				CODE_SIGN_STYLE = Automatic;
				CURRENT_PROJECT_VERSION = 1;
				DEVELOPMENT_TEAM = UXMRTG3BH9;
				GENERATE_INFOPLIST_FILE = YES;
				INFOPLIST_FILE = "The final project-fitness-rawabi bajafar/Info.plist";
				INFOPLIST_KEY_UIApplicationSupportsIndirectInputEvents = YES;
				INFOPLIST_KEY_UILaunchStoryboardName = LaunchScreen;
				INFOPLIST_KEY_UIMainStoryboardFile = Main;
				INFOPLIST_KEY_UISupportedInterfaceOrientations_iPad = "UIInterfaceOrientationPortrait UIInterfaceOrientationPortraitUpsideDown UIInterfaceOrientationLandscapeLeft UIInterfaceOrientationLandscapeRight";
				INFOPLIST_KEY_UISupportedInterfaceOrientations_iPhone = "UIInterfaceOrientationPortrait UIInterfaceOrientationLandscapeLeft UIInterfaceOrientationLandscapeRight";
				LD_RUNPATH_SEARCH_PATHS = (
					"$(inherited)",
					"@executable_path/Frameworks",
				);
				MARKETING_VERSION = 1.0;
				PRODUCT_BUNDLE_IDENTIFIER = "com.rawabiahmed.The-final-project-fitness-rawabi-bajafar";
				PRODUCT_NAME = "$(TARGET_NAME)";
				SWIFT_EMIT_LOC_STRINGS = YES;
				SWIFT_VERSION = 5.0;
				TARGETED_DEVICE_FAMILY = "1,2";
			};
			name = Debug;
		};
		BFDA13F8275D4F4D007C22B1 /* Release */ = {
			isa = XCBuildConfiguration;
			buildSettings = {
				ASSETCATALOG_COMPILER_APPICON_NAME = AppIcon;
				ASSETCATALOG_COMPILER_GLOBAL_ACCENT_COLOR_NAME = AccentColor;
				CODE_SIGN_STYLE = Automatic;
				CURRENT_PROJECT_VERSION = 1;
				DEVELOPMENT_TEAM = UXMRTG3BH9;
				GENERATE_INFOPLIST_FILE = YES;
				INFOPLIST_FILE = "The final project-fitness-rawabi bajafar/Info.plist";
				INFOPLIST_KEY_UIApplicationSupportsIndirectInputEvents = YES;
				INFOPLIST_KEY_UILaunchStoryboardName = LaunchScreen;
				INFOPLIST_KEY_UIMainStoryboardFile = Main;
				INFOPLIST_KEY_UISupportedInterfaceOrientations_iPad = "UIInterfaceOrientationPortrait UIInterfaceOrientationPortraitUpsideDown UIInterfaceOrientationLandscapeLeft UIInterfaceOrientationLandscapeRight";
				INFOPLIST_KEY_UISupportedInterfaceOrientations_iPhone = "UIInterfaceOrientationPortrait UIInterfaceOrientationLandscapeLeft UIInterfaceOrientationLandscapeRight";
				LD_RUNPATH_SEARCH_PATHS = (
					"$(inherited)",
					"@executable_path/Frameworks",
				);
				MARKETING_VERSION = 1.0;
				PRODUCT_BUNDLE_IDENTIFIER = "com.rawabiahmed.The-final-project-fitness-rawabi-bajafar";
				PRODUCT_NAME = "$(TARGET_NAME)";
				SWIFT_EMIT_LOC_STRINGS = YES;
				SWIFT_VERSION = 5.0;
				TARGETED_DEVICE_FAMILY = "1,2";
			};
			name = Release;
		};
/* End XCBuildConfiguration section */

/* Begin XCConfigurationList section */
		BFDA13DD275D4F4C007C22B1 /* Build configuration list for PBXProject "The final project-fitness-rawabi Ahmed bajafar" */ = {
			isa = XCConfigurationList;
			buildConfigurations = (
				BFDA13F4275D4F4D007C22B1 /* Debug */,
				BFDA13F5275D4F4D007C22B1 /* Release */,
			);
			defaultConfigurationIsVisible = 0;
			defaultConfigurationName = Release;
		};
		BFDA13F6275D4F4D007C22B1 /* Build configuration list for PBXNativeTarget "The final project-fitness-rawabi bajafar" */ = {
			isa = XCConfigurationList;
			buildConfigurations = (
				BFDA13F7275D4F4D007C22B1 /* Debug */,
				BFDA13F8275D4F4D007C22B1 /* Release */,
			);
			defaultConfigurationIsVisible = 0;
			defaultConfigurationName = Release;
		};
/* End XCConfigurationList section */

/* Begin XCRemoteSwiftPackageReference section */
		BF81637B276B50B500BEDD43 /* XCRemoteSwiftPackageReference "firebase-ios-sdk" */ = {
			isa = XCRemoteSwiftPackageReference;
			repositoryURL = "https://github.com/firebase/firebase-ios-sdk";
			requirement = {
				kind = exactVersion;
				version = 8.10.0;
			};
		};
/* End XCRemoteSwiftPackageReference section */

/* Begin XCSwiftPackageProductDependency section */
		BF81637C276B50B500BEDD43 /* FirebaseAnalytics */ = {
			isa = XCSwiftPackageProductDependency;
			package = BF81637B276B50B500BEDD43 /* XCRemoteSwiftPackageReference "firebase-ios-sdk" */;
			productName = FirebaseAnalytics;
		};
		BF81637E276B50B500BEDD43 /* FirebaseAuth */ = {
			isa = XCSwiftPackageProductDependency;
			package = BF81637B276B50B500BEDD43 /* XCRemoteSwiftPackageReference "firebase-ios-sdk" */;
			productName = FirebaseAuth;
		};
		BF816380276B50B500BEDD43 /* FirebaseFirestore */ = {
			isa = XCSwiftPackageProductDependency;
			package = BF81637B276B50B500BEDD43 /* XCRemoteSwiftPackageReference "firebase-ios-sdk" */;
			productName = FirebaseFirestore;
		};
/* End XCSwiftPackageProductDependency section */
	};
	rootObject = BFDA13DA275D4F4C007C22B1 /* Project object */;
}
